
Microsoft Visual Studio Solution File, Format Version 12.00
# Visual Studio Version 17
VisualStudioVersion = 17.1.32319.34
MinimumVisualStudioVersion = 10.0.40219.1
Project("{8BC9CEB8-8B4A-11D0-8D11-00A0C91BC942}") = "OS13_HTCOM", "OS13_HTCOM\OS13_HTCOM.vcxproj", "{EE96F757-F24D-4F3D-8B56-819E97EB11FB}"
EndProject
Project("{8BC9CEB8-8B4A-11D0-8D11-00A0C91BC942}") = "OS13_CREATE", "OS13_CREATE\OS13_CREATE.vcxproj", "{6F470C26-8570-4E2A-8136-7EA6E62E97BC}"
EndProject
Project("{8BC9CEB8-8B4A-11D0-8D11-00A0C91BC942}") = "OS13_HTCOM_LIB", "OS13_HTCOM_LIB\OS13_HTCOM_LIB.vcxproj", "{32CB37E2-FDE0-43CE-8012-DFE725F02810}"
EndProject
Project("{8BC9CEB8-8B4A-11D0-8D11-00A0C91BC942}") = "OS13_START", "OS13_START\OS13_START.vcxproj", "{A4795760-AEB6-4E94-9A92-48930905294E}"
EndProject
Project("{8BC9CEB8-8B4A-11D0-8D11-00A0C91BC942}") = "OS_0402", "OS_0402\OS_0402.vcxproj", "{5CDA9EBF-6CA9-427F-9C2C-A3AE8B03CDAE}"
EndProject
Project("{8BC9CEB8-8B4A-11D0-8D11-00A0C91BC942}") = "OS_0403", "OS_0403\OS_0403.vcxproj", "{54F5E0FB-074C-486B-A141-0569256E94FE}"
EndProject
Project("{8BC9CEB8-8B4A-11D0-8D11-00A0C91BC942}") = "OS_0404", "OS_0404\OS_0404.vcxproj", "{5E295D3E-8648-4C8B-8C25-C80FD1CB1F11}"
EndProject
Project("{8BC9CEB8-8B4A-11D0-8D11-00A0C91BC942}") = "OS13_STOP", "OS13_STOP\OS13_STOP.vcxproj", "{68FD42FE-6FBE-4D66-9CB4-C18B2FFBC9B8}"
EndProject
Global
	GlobalSection(SolutionConfigurationPlatforms) = preSolution
		Debug|x64 = Debug|x64
		Debug|x86 = Debug|x86
		Release|x64 = Release|x64
		Release|x86 = Release|x86
	EndGlobalSection
	GlobalSection(ProjectConfigurationPlatforms) = postSolution
		{EE96F757-F24D-4F3D-8B56-819E97EB11FB}.Debug|x64.ActiveCfg = Debug|x64
		{EE96F757-F24D-4F3D-8B56-819E97EB11FB}.Debug|x64.Build.0 = Debug|x64
		{EE96F757-F24D-4F3D-8B56-819E97EB11FB}.Debug|x86.ActiveCfg = Debug|Win32
		{EE96F757-F24D-4F3D-8B56-819E97EB11FB}.Debug|x86.Build.0 = Debug|Win32
		{EE96F757-F24D-4F3D-8B56-819E97EB11FB}.Release|x64.ActiveCfg = Release|x64
		{EE96F757-F24D-4F3D-8B56-819E97EB11FB}.Release|x64.Build.0 = Release|x64
		{EE96F757-F24D-4F3D-8B56-819E97EB11FB}.Release|x86.ActiveCfg = Release|Win32
		{EE96F757-F24D-4F3D-8B56-819E97EB11FB}.Release|x86.Build.0 = Release|Win32
		{6F470C26-8570-4E2A-8136-7EA6E62E97BC}.Debug|x64.ActiveCfg = Debug|x64
		{6F470C26-8570-4E2A-8136-7EA6E62E97BC}.Debug|x64.Build.0 = Debug|x64
		{6F470C26-8570-4E2A-8136-7EA6E62E97BC}.Debug|x86.ActiveCfg = Debug|Win32
		{6F470C26-8570-4E2A-8136-7EA6E62E97BC}.Debug|x86.Build.0 = Debug|Win32
		{6F470C26-8570-4E2A-8136-7EA6E62E97BC}.Release|x64.ActiveCfg = Release|x64
		{6F470C26-8570-4E2A-8136-7EA6E62E97BC}.Release|x64.Build.0 = Release|x64
		{6F470C26-8570-4E2A-8136-7EA6E62E97BC}.Release|x86.ActiveCfg = Release|Win32
		{6F470C26-8570-4E2A-8136-7EA6E62E97BC}.Release|x86.Build.0 = Release|Win32
		{32CB37E2-FDE0-43CE-8012-DFE725F02810}.Debug|x64.ActiveCfg = Debug|x64
		{32CB37E2-FDE0-43CE-8012-DFE725F02810}.Debug|x64.Build.0 = Debug|x64
		{32CB37E2-FDE0-43CE-8012-DFE725F02810}.Debug|x86.ActiveCfg = Debug|Win32
		{32CB37E2-FDE0-43CE-8012-DFE725F02810}.Debug|x86.Build.0 = Debug|Win32
		{32CB37E2-FDE0-43CE-8012-DFE725F02810}.Release|x64.ActiveCfg = Release|x64
		{32CB37E2-FDE0-43CE-8012-DFE725F02810}.Release|x64.Build.0 = Release|x64
		{32CB37E2-FDE0-43CE-8012-DFE725F02810}.Release|x86.ActiveCfg = Release|Win32
		{32CB37E2-FDE0-43CE-8012-DFE725F02810}.Release|x86.Build.0 = Release|Win32
		{A4795760-AEB6-4E94-9A92-48930905294E}.Debug|x64.ActiveCfg = Debug|x64
		{A4795760-AEB6-4E94-9A92-48930905294E}.Debug|x64.Build.0 = Debug|x64
		{A4795760-AEB6-4E94-9A92-48930905294E}.Debug|x86.ActiveCfg = Debug|Win32
		{A4795760-AEB6-4E94-9A92-48930905294E}.Debug|x86.Build.0 = Debug|Win32
		{A4795760-AEB6-4E94-9A92-48930905294E}.Release|x64.ActiveCfg = Release|x64
		{A4795760-AEB6-4E94-9A92-48930905294E}.Release|x64.Build.0 = Release|x64
		{A4795760-AEB6-4E94-9A92-48930905294E}.Release|x86.ActiveCfg = Release|Win32
		{A4795760-AEB6-4E94-9A92-48930905294E}.Release|x86.Build.0 = Release|Win32
		{5CDA9EBF-6CA9-427F-9C2C-A3AE8B03CDAE}.Debug|x64.ActiveCfg = Debug|x64
		{5CDA9EBF-6CA9-427F-9C2C-A3AE8B03CDAE}.Debug|x64.Build.0 = Debug|x64
		{5CDA9EBF-6CA9-427F-9C2C-A3AE8B03CDAE}.Debug|x86.ActiveCfg = Debug|Win32
		{5CDA9EBF-6CA9-427F-9C2C-A3AE8B03CDAE}.Debug|x86.Build.0 = Debug|Win32
		{5CDA9EBF-6CA9-427F-9C2C-A3AE8B03CDAE}.Release|x64.ActiveCfg = Release|x64
		{5CDA9EBF-6CA9-427F-9C2C-A3AE8B03CDAE}.Release|x64.Build.0 = Release|x64
		{5CDA9EBF-6CA9-427F-9C2C-A3AE8B03CDAE}.Release|x86.ActiveCfg = Release|Win32
		{5CDA9EBF-6CA9-427F-9C2C-A3AE8B03CDAE}.Release|x86.Build.0 = Release|Win32
		{54F5E0FB-074C-486B-A141-0569256E94FE}.Debug|x64.ActiveCfg = Debug|x64
		{54F5E0FB-074C-486B-A141-0569256E94FE}.Debug|x64.Build.0 = Debug|x64
		{54F5E0FB-074C-486B-A141-0569256E94FE}.Debug|x86.ActiveCfg = Debug|Win32
		{54F5E0FB-074C-486B-A141-0569256E94FE}.Debug|x86.Build.0 = Debug|Win32
		{54F5E0FB-074C-486B-A141-0569256E94FE}.Release|x64.ActiveCfg = Release|x64
		{54F5E0FB-074C-486B-A141-0569256E94FE}.Release|x64.Build.0 = Release|x64
		{54F5E0FB-074C-486B-A141-0569256E94FE}.Release|x86.ActiveCfg = Release|Win32
		{54F5E0FB-074C-486B-A141-0569256E94FE}.Release|x86.Build.0 = Release|Win32
		{5E295D3E-8648-4C8B-8C25-C80FD1CB1F11}.Debug|x64.ActiveCfg = Debug|x64
		{5E295D3E-8648-4C8B-8C25-C80FD1CB1F11}.Debug|x64.Build.0 = Debug|x64
		{5E295D3E-8648-4C8B-8C25-C80FD1CB1F11}.Debug|x86.ActiveCfg = Debug|Win32
		{5E295D3E-8648-4C8B-8C25-C80FD1CB1F11}.Debug|x86.Build.0 = Debug|Win32
		{5E295D3E-8648-4C8B-8C25-C80FD1CB1F11}.Release|x64.ActiveCfg = Release|x64
		{5E295D3E-8648-4C8B-8C25-C80FD1CB1F11}.Release|x64.Build.0 = Release|x64
		{5E295D3E-8648-4C8B-8C25-C80FD1CB1F11}.Release|x86.ActiveCfg = Release|Win32
		{5E295D3E-8648-4C8B-8C25-C80FD1CB1F11}.Release|x86.Build.0 = Release|Win32
		{68FD42FE-6FBE-4D66-9CB4-C18B2FFBC9B8}.Debug|x64.ActiveCfg = Debug|x64
		{68FD42FE-6FBE-4D66-9CB4-C18B2FFBC9B8}.Debug|x64.Build.0 = Debug|x64
		{68FD42FE-6FBE-4D66-9CB4-C18B2FFBC9B8}.Debug|x86.ActiveCfg = Debug|Win32
		{68FD42FE-6FBE-4D66-9CB4-C18B2FFBC9B8}.Debug|x86.Build.0 = Debug|Win32
		{68FD42FE-6FBE-4D66-9CB4-C18B2FFBC9B8}.Release|x64.ActiveCfg = Release|x64
		{68FD42FE-6FBE-4D66-9CB4-C18B2FFBC9B8}.Release|x64.Build.0 = Release|x64
		{68FD42FE-6FBE-4D66-9CB4-C18B2FFBC9B8}.Release|x86.ActiveCfg = Release|Win32
		{68FD42FE-6FBE-4D66-9CB4-C18B2FFBC9B8}.Release|x86.Build.0 = Release|Win32
	EndGlobalSection
	GlobalSection(SolutionProperties) = preSolution
		HideSolutionNode = FALSE
	EndGlobalSection
	GlobalSection(ExtensibilityGlobals) = postSolution
		SolutionGuid = {D54AEA2B-9515-494D-BCF9-9DD1C83795DD}
	EndGlobalSection
EndGlobal
