
Microsoft Visual Studio Solution File, Format Version 12.00
# Visual Studio Version 17
VisualStudioVersion = 17.1.32319.34
MinimumVisualStudioVersion = 10.0.40219.1
Project("{8BC9CEB8-8B4A-11D0-8D11-00A0C91BC942}") = "OS15_HTService", "OS15_HTService\OS15_HTService.vcxproj", "{312F1768-1D68-4CB2-9751-65C23A20C98C}"
EndProject
Project("{8BC9CEB8-8B4A-11D0-8D11-00A0C91BC942}") = "OS15_Install", "OS15_Install\OS15_Install.vcxproj", "{9F059ED6-3D7D-44AA-9A74-4DFC9F555095}"
EndProject
Project("{8BC9CEB8-8B4A-11D0-8D11-00A0C91BC942}") = "OS15_UnInstall", "OS15_UnInstall\OS15_UnInstall.vcxproj", "{E64A800A-E303-4AE9-B417-4FB4BD564572}"
EndProject
Project("{8BC9CEB8-8B4A-11D0-8D11-00A0C91BC942}") = "OS15_HTAPI", "OS15_HTAPI\OS15_HTAPI.vcxproj", "{6DBCB22B-2A75-41B2-8105-51C70B43A994}"
EndProject
Project("{8BC9CEB8-8B4A-11D0-8D11-00A0C91BC942}") = "OS15_HTCOM", "OS15_HTCOM\OS15_HTCOM.vcxproj", "{97C34BBD-9D19-4CD5-94FA-FF9005BA5231}"
EndProject
Project("{8BC9CEB8-8B4A-11D0-8D11-00A0C91BC942}") = "OS15_HTCOM_LIB", "OS15_HTCOM_LIB\OS15_HTCOM_LIB.vcxproj", "{DB73BC15-43DB-49A9-ADDD-1D4F49EC7D15}"
EndProject
Project("{8BC9CEB8-8B4A-11D0-8D11-00A0C91BC942}") = "OS_0402", "OS_0402\OS_0402.vcxproj", "{1D41D764-C2DB-4FB6-ABC8-DACA503056D1}"
EndProject
Project("{8BC9CEB8-8B4A-11D0-8D11-00A0C91BC942}") = "OS_0403", "OS_0403\OS_0403.vcxproj", "{387E3BBC-C381-4627-AAE7-0C2E2137CDBF}"
EndProject
Project("{8BC9CEB8-8B4A-11D0-8D11-00A0C91BC942}") = "OS_0404", "OS_0404\OS_0404.vcxproj", "{232C75C1-E32E-41F5-9117-8F670B9AE88E}"
EndProject
Project("{8BC9CEB8-8B4A-11D0-8D11-00A0C91BC942}") = "OS15_CREATE", "OS15_CREATE\OS15_CREATE.vcxproj", "{94999B2B-8349-4F0E-9863-DF4F88BE0955}"
EndProject
Global
	GlobalSection(SolutionConfigurationPlatforms) = preSolution
		Debug|x64 = Debug|x64
		Debug|x86 = Debug|x86
		Release|x64 = Release|x64
		Release|x86 = Release|x86
	EndGlobalSection
	GlobalSection(ProjectConfigurationPlatforms) = postSolution
		{312F1768-1D68-4CB2-9751-65C23A20C98C}.Debug|x64.ActiveCfg = Debug|x64
		{312F1768-1D68-4CB2-9751-65C23A20C98C}.Debug|x64.Build.0 = Debug|x64
		{312F1768-1D68-4CB2-9751-65C23A20C98C}.Debug|x86.ActiveCfg = Debug|Win32
		{312F1768-1D68-4CB2-9751-65C23A20C98C}.Debug|x86.Build.0 = Debug|Win32
		{312F1768-1D68-4CB2-9751-65C23A20C98C}.Release|x64.ActiveCfg = Release|x64
		{312F1768-1D68-4CB2-9751-65C23A20C98C}.Release|x64.Build.0 = Release|x64
		{312F1768-1D68-4CB2-9751-65C23A20C98C}.Release|x86.ActiveCfg = Release|Win32
		{312F1768-1D68-4CB2-9751-65C23A20C98C}.Release|x86.Build.0 = Release|Win32
		{9F059ED6-3D7D-44AA-9A74-4DFC9F555095}.Debug|x64.ActiveCfg = Debug|x64
		{9F059ED6-3D7D-44AA-9A74-4DFC9F555095}.Debug|x64.Build.0 = Debug|x64
		{9F059ED6-3D7D-44AA-9A74-4DFC9F555095}.Debug|x86.ActiveCfg = Debug|Win32
		{9F059ED6-3D7D-44AA-9A74-4DFC9F555095}.Debug|x86.Build.0 = Debug|Win32
		{9F059ED6-3D7D-44AA-9A74-4DFC9F555095}.Release|x64.ActiveCfg = Release|x64
		{9F059ED6-3D7D-44AA-9A74-4DFC9F555095}.Release|x64.Build.0 = Release|x64
		{9F059ED6-3D7D-44AA-9A74-4DFC9F555095}.Release|x86.ActiveCfg = Release|Win32
		{9F059ED6-3D7D-44AA-9A74-4DFC9F555095}.Release|x86.Build.0 = Release|Win32
		{E64A800A-E303-4AE9-B417-4FB4BD564572}.Debug|x64.ActiveCfg = Debug|x64
		{E64A800A-E303-4AE9-B417-4FB4BD564572}.Debug|x64.Build.0 = Debug|x64
		{E64A800A-E303-4AE9-B417-4FB4BD564572}.Debug|x86.ActiveCfg = Debug|Win32
		{E64A800A-E303-4AE9-B417-4FB4BD564572}.Debug|x86.Build.0 = Debug|Win32
		{E64A800A-E303-4AE9-B417-4FB4BD564572}.Release|x64.ActiveCfg = Release|x64
		{E64A800A-E303-4AE9-B417-4FB4BD564572}.Release|x64.Build.0 = Release|x64
		{E64A800A-E303-4AE9-B417-4FB4BD564572}.Release|x86.ActiveCfg = Release|Win32
		{E64A800A-E303-4AE9-B417-4FB4BD564572}.Release|x86.Build.0 = Release|Win32
		{6DBCB22B-2A75-41B2-8105-51C70B43A994}.Debug|x64.ActiveCfg = Debug|x64
		{6DBCB22B-2A75-41B2-8105-51C70B43A994}.Debug|x64.Build.0 = Debug|x64
		{6DBCB22B-2A75-41B2-8105-51C70B43A994}.Debug|x86.ActiveCfg = Debug|Win32
		{6DBCB22B-2A75-41B2-8105-51C70B43A994}.Debug|x86.Build.0 = Debug|Win32
		{6DBCB22B-2A75-41B2-8105-51C70B43A994}.Release|x64.ActiveCfg = Release|x64
		{6DBCB22B-2A75-41B2-8105-51C70B43A994}.Release|x64.Build.0 = Release|x64
		{6DBCB22B-2A75-41B2-8105-51C70B43A994}.Release|x86.ActiveCfg = Release|Win32
		{6DBCB22B-2A75-41B2-8105-51C70B43A994}.Release|x86.Build.0 = Release|Win32
		{97C34BBD-9D19-4CD5-94FA-FF9005BA5231}.Debug|x64.ActiveCfg = Debug|x64
		{97C34BBD-9D19-4CD5-94FA-FF9005BA5231}.Debug|x64.Build.0 = Debug|x64
		{97C34BBD-9D19-4CD5-94FA-FF9005BA5231}.Debug|x86.ActiveCfg = Debug|Win32
		{97C34BBD-9D19-4CD5-94FA-FF9005BA5231}.Debug|x86.Build.0 = Debug|Win32
		{97C34BBD-9D19-4CD5-94FA-FF9005BA5231}.Release|x64.ActiveCfg = Release|x64
		{97C34BBD-9D19-4CD5-94FA-FF9005BA5231}.Release|x64.Build.0 = Release|x64
		{97C34BBD-9D19-4CD5-94FA-FF9005BA5231}.Release|x86.ActiveCfg = Release|Win32
		{97C34BBD-9D19-4CD5-94FA-FF9005BA5231}.Release|x86.Build.0 = Release|Win32
		{DB73BC15-43DB-49A9-ADDD-1D4F49EC7D15}.Debug|x64.ActiveCfg = Debug|x64
		{DB73BC15-43DB-49A9-ADDD-1D4F49EC7D15}.Debug|x64.Build.0 = Debug|x64
		{DB73BC15-43DB-49A9-ADDD-1D4F49EC7D15}.Debug|x86.ActiveCfg = Debug|Win32
		{DB73BC15-43DB-49A9-ADDD-1D4F49EC7D15}.Debug|x86.Build.0 = Debug|Win32
		{DB73BC15-43DB-49A9-ADDD-1D4F49EC7D15}.Release|x64.ActiveCfg = Release|x64
		{DB73BC15-43DB-49A9-ADDD-1D4F49EC7D15}.Release|x64.Build.0 = Release|x64
		{DB73BC15-43DB-49A9-ADDD-1D4F49EC7D15}.Release|x86.ActiveCfg = Release|Win32
		{DB73BC15-43DB-49A9-ADDD-1D4F49EC7D15}.Release|x86.Build.0 = Release|Win32
		{1D41D764-C2DB-4FB6-ABC8-DACA503056D1}.Debug|x64.ActiveCfg = Debug|x64
		{1D41D764-C2DB-4FB6-ABC8-DACA503056D1}.Debug|x64.Build.0 = Debug|x64
		{1D41D764-C2DB-4FB6-ABC8-DACA503056D1}.Debug|x86.ActiveCfg = Debug|Win32
		{1D41D764-C2DB-4FB6-ABC8-DACA503056D1}.Debug|x86.Build.0 = Debug|Win32
		{1D41D764-C2DB-4FB6-ABC8-DACA503056D1}.Release|x64.ActiveCfg = Release|x64
		{1D41D764-C2DB-4FB6-ABC8-DACA503056D1}.Release|x64.Build.0 = Release|x64
		{1D41D764-C2DB-4FB6-ABC8-DACA503056D1}.Release|x86.ActiveCfg = Release|Win32
		{1D41D764-C2DB-4FB6-ABC8-DACA503056D1}.Release|x86.Build.0 = Release|Win32
		{387E3BBC-C381-4627-AAE7-0C2E2137CDBF}.Debug|x64.ActiveCfg = Debug|x64
		{387E3BBC-C381-4627-AAE7-0C2E2137CDBF}.Debug|x64.Build.0 = Debug|x64
		{387E3BBC-C381-4627-AAE7-0C2E2137CDBF}.Debug|x86.ActiveCfg = Debug|Win32
		{387E3BBC-C381-4627-AAE7-0C2E2137CDBF}.Debug|x86.Build.0 = Debug|Win32
		{387E3BBC-C381-4627-AAE7-0C2E2137CDBF}.Release|x64.ActiveCfg = Release|x64
		{387E3BBC-C381-4627-AAE7-0C2E2137CDBF}.Release|x64.Build.0 = Release|x64
		{387E3BBC-C381-4627-AAE7-0C2E2137CDBF}.Release|x86.ActiveCfg = Release|Win32
		{387E3BBC-C381-4627-AAE7-0C2E2137CDBF}.Release|x86.Build.0 = Release|Win32
		{232C75C1-E32E-41F5-9117-8F670B9AE88E}.Debug|x64.ActiveCfg = Debug|x64
		{232C75C1-E32E-41F5-9117-8F670B9AE88E}.Debug|x64.Build.0 = Debug|x64
		{232C75C1-E32E-41F5-9117-8F670B9AE88E}.Debug|x86.ActiveCfg = Debug|Win32
		{232C75C1-E32E-41F5-9117-8F670B9AE88E}.Debug|x86.Build.0 = Debug|Win32
		{232C75C1-E32E-41F5-9117-8F670B9AE88E}.Release|x64.ActiveCfg = Release|x64
		{232C75C1-E32E-41F5-9117-8F670B9AE88E}.Release|x64.Build.0 = Release|x64
		{232C75C1-E32E-41F5-9117-8F670B9AE88E}.Release|x86.ActiveCfg = Release|Win32
		{232C75C1-E32E-41F5-9117-8F670B9AE88E}.Release|x86.Build.0 = Release|Win32
		{94999B2B-8349-4F0E-9863-DF4F88BE0955}.Debug|x64.ActiveCfg = Debug|x64
		{94999B2B-8349-4F0E-9863-DF4F88BE0955}.Debug|x64.Build.0 = Debug|x64
		{94999B2B-8349-4F0E-9863-DF4F88BE0955}.Debug|x86.ActiveCfg = Debug|Win32
		{94999B2B-8349-4F0E-9863-DF4F88BE0955}.Debug|x86.Build.0 = Debug|Win32
		{94999B2B-8349-4F0E-9863-DF4F88BE0955}.Release|x64.ActiveCfg = Release|x64
		{94999B2B-8349-4F0E-9863-DF4F88BE0955}.Release|x64.Build.0 = Release|x64
		{94999B2B-8349-4F0E-9863-DF4F88BE0955}.Release|x86.ActiveCfg = Release|Win32
		{94999B2B-8349-4F0E-9863-DF4F88BE0955}.Release|x86.Build.0 = Release|Win32
	EndGlobalSection
	GlobalSection(SolutionProperties) = preSolution
		HideSolutionNode = FALSE
	EndGlobalSection
	GlobalSection(ExtensibilityGlobals) = postSolution
		SolutionGuid = {861A774F-D7FD-44F5-9985-ABB2564B9881}
	EndGlobalSection
EndGlobal
